
Microsoft Visual Studio Solution File, Format Version 12.00
# Visual Studio Version 16
VisualStudioVersion = 16.0.31402.337
MinimumVisualStudioVersion = 10.0.40219.1
Project("{FAE04EC0-301F-11D3-BF4B-00C04F79EFBC}") = "ResturantApp", "ResturantApp\ResturantApp.csproj", "{4749EF01-80E0-4776-99E1-231E026993D0}"
EndProject
Global
	GlobalSection(SolutionConfigurationPlatforms) = preSolution
		Debug|Any CPU = Debug|Any CPU
		Release|Any CPU = Release|Any CPU
	EndGlobalSection
	GlobalSection(ProjectConfigurationPlatforms) = postSolution
		{4749EF01-80E0-4776-99E1-231E026993D0}.Debug|Any CPU.ActiveCfg = Debug|Any CPU
		{4749EF01-80E0-4776-99E1-231E026993D0}.Debug|Any CPU.Build.0 = Debug|Any CPU
		{4749EF01-80E0-4776-99E1-231E026993D0}.Release|Any CPU.ActiveCfg = Release|Any CPU
		{4749EF01-80E0-4776-99E1-231E026993D0}.Release|Any CPU.Build.0 = Release|Any CPU
	EndGlobalSection
	GlobalSection(SolutionProperties) = preSolution
		HideSolutionNode = FALSE
	EndGlobalSection
	GlobalSection(ExtensibilityGlobals) = postSolution
		SolutionGuid = {F3B3F923-3F4A-489A-BE1E-1AC20840EDC1}
	EndGlobalSection
EndGlobal
